
Microsoft Visual Studio Solution File, Format Version 12.00
# Visual Studio Version 16
VisualStudioVersion = 16.0.31624.102
MinimumVisualStudioVersion = 10.0.40219.1
Project("{9092AA53-FB77-4645-B42D-1CCCA6BD08BD}") = "pdf-server-express", "pdf-server-express.njsproj", "{6E4E1C47-9009-4911-9AB6-AAA330740B46}"
EndProject
Global
	GlobalSection(SolutionConfigurationPlatforms) = preSolution
		Debug|Any CPU = Debug|Any CPU
		Release|Any CPU = Release|Any CPU
	EndGlobalSection
	GlobalSection(ProjectConfigurationPlatforms) = postSolution
		{6E4E1C47-9009-4911-9AB6-AAA330740B46}.Debug|Any CPU.ActiveCfg = Debug|Any CPU
		{6E4E1C47-9009-4911-9AB6-AAA330740B46}.Debug|Any CPU.Build.0 = Debug|Any CPU
		{6E4E1C47-9009-4911-9AB6-AAA330740B46}.Release|Any CPU.ActiveCfg = Release|Any CPU
		{6E4E1C47-9009-4911-9AB6-AAA330740B46}.Release|Any CPU.Build.0 = Release|Any CPU
	EndGlobalSection
	GlobalSection(SolutionProperties) = preSolution
		HideSolutionNode = FALSE
	EndGlobalSection
	GlobalSection(ExtensibilityGlobals) = postSolution
		SolutionGuid = {32215A41-FADE-44E0-9ECA-AB309F2C3D78}
	EndGlobalSection
EndGlobal
